{
  "name": "ast-demo",
  "version": "0.0.1",
  "lockfileVersion": 3,
  "requires": true,
  "packages": {
    "": {
      "name": "ast-demo",
      "version": "0.0.1",
      "dependencies": {
        "@ast-grep/napi": "^0.25.4"
      },
      "devDependencies": {
        "prettier": "^3.3.3"
      }
    },
    "node_modules/@ast-grep/napi": {
      "version": "0.25.4",
      "resolved": "https://registry.npmjs.org/@ast-grep/napi/-/napi-0.25.4.tgz",
      "integrity": "sha512-Ax6OBQehjv6Fw/qU3BlTvUmugK3BfMK7eV0aPrLAxJ3+0neQcE+p7QP42iiHsf1n/vG7npv7uUaBRfjzHH4hiQ==",
      "engines": {
        "node": ">= 10"
      },
      "optionalDependencies": {
        "@ast-grep/napi-darwin-arm64": "0.25.4",
        "@ast-grep/napi-darwin-x64": "0.25.4",
        "@ast-grep/napi-linux-arm64-gnu": "0.25.4",
        "@ast-grep/napi-linux-arm64-musl": "0.25.4",
        "@ast-grep/napi-linux-x64-gnu": "0.25.4",
        "@ast-grep/napi-linux-x64-musl": "0.25.4",
        "@ast-grep/napi-win32-arm64-msvc": "0.25.4",
        "@ast-grep/napi-win32-ia32-msvc": "0.25.4",
        "@ast-grep/napi-win32-x64-msvc": "0.25.4"
      }
    },
    "node_modules/@ast-grep/napi-darwin-arm64": {
      "version": "0.25.4",
      "resolved": "https://registry.npmjs.org/@ast-grep/napi-darwin-arm64/-/napi-darwin-arm64-0.25.4.tgz",
      "integrity": "sha512-qjqj0nARO1dJcsG2AQ2vaxtPV7je1A6SoYv3AG58/4mXdFg56hoVL4Op5DJpHNvg0e8rqkFJpJ7YIEFF2sQuAw==",
      "cpu": [
        "arm64"
      ],
      "optional": true,
      "os": [
        "darwin"
      ],
      "engines": {
        "node": ">= 10"
      }
    },
    "node_modules/@ast-grep/napi-darwin-x64": {
      "version": "0.25.4",
      "resolved": "https://registry.npmjs.org/@ast-grep/napi-darwin-x64/-/napi-darwin-x64-0.25.4.tgz",
      "integrity": "sha512-1JhmH7Nwpz90TtX2+4joN29kkn69j96guLZGueN1uE0q084po7DB8hJHmn37o3eL1WCdeh1cptGGoHCfBnYBWw==",
      "cpu": [
        "x64"
      ],
      "optional": true,
      "os": [
        "darwin"
      ],
      "engines": {
        "node": ">= 10"
      }
    },
    "node_modules/@ast-grep/napi-linux-arm64-gnu": {
      "version": "0.25.4",
      "resolved": "https://registry.npmjs.org/@ast-grep/napi-linux-arm64-gnu/-/napi-linux-arm64-gnu-0.25.4.tgz",
      "integrity": "sha512-0oC/czHjMJ3mtu5+o374xf4aOmr4/0xyW4JKyjSSJKlWhME/LZH/O4BOPPBi/xAOsqmb+t0J/lYEO4MoJOKeaA==",
      "cpu": [
        "arm64"
      ],
      "optional": true,
      "os": [
        "linux"
      ],
      "engines": {
        "node": ">= 10"
      }
    },
    "node_modules/@ast-grep/napi-linux-arm64-musl": {
      "version": "0.25.4",
      "resolved": "https://registry.npmjs.org/@ast-grep/napi-linux-arm64-musl/-/napi-linux-arm64-musl-0.25.4.tgz",
      "integrity": "sha512-KGyHxoxXBcPrCezoGloFrkzFrQIEco5SicvK7hwuhOWuR521LygFtcR9QOq3tjOaLDmznLuM/M/RDYwTqQIPeQ==",
      "cpu": [
        "arm64"
      ],
      "optional": true,
      "os": [
        "linux"
      ],
      "engines": {
        "node": ">= 10"
      }
    },
    "node_modules/@ast-grep/napi-linux-x64-gnu": {
      "version": "0.25.4",
      "resolved": "https://registry.npmjs.org/@ast-grep/napi-linux-x64-gnu/-/napi-linux-x64-gnu-0.25.4.tgz",
      "integrity": "sha512-ttBnrapPkJQPjgE6dCjOTWkpBjKz9y2Sc/ZiOB1B5xEQWCy0Oh35W8xkBdRjlfiU9RvVBCq5LrR5VX6nvKPZlQ==",
      "cpu": [
        "x64"
      ],
      "optional": true,
      "os": [
        "linux"
      ],
      "engines": {
        "node": ">= 10"
      }
    },
    "node_modules/@ast-grep/napi-linux-x64-musl": {
      "version": "0.25.4",
      "resolved": "https://registry.npmjs.org/@ast-grep/napi-linux-x64-musl/-/napi-linux-x64-musl-0.25.4.tgz",
      "integrity": "sha512-NwMPsne+xikZCbPDoXNdwYPJQ8+1mMPHXbrJvBUgil/xjwZFTy/Z7KKEHFJ64lOeQixswz2KNLZgkE2CtxvRRg==",
      "cpu": [
        "x64"
      ],
      "optional": true,
      "os": [
        "linux"
      ],
      "engines": {
        "node": ">= 10"
      }
    },
    "node_modules/@ast-grep/napi-win32-arm64-msvc": {
      "version": "0.25.4",
      "resolved": "https://registry.npmjs.org/@ast-grep/napi-win32-arm64-msvc/-/napi-win32-arm64-msvc-0.25.4.tgz",
      "integrity": "sha512-FOCxrPFWR7WgfpCz9vmE1SJGM2RB26ZaB3aRvnmopBkQVvZTZ/CyjG9Eee2zzu659OA4SoDO4eQ0m/VdL3LXUA==",
      "cpu": [
        "arm64"
      ],
      "optional": true,
      "os": [
        "win32"
      ],
      "engines": {
        "node": ">= 10"
      }
    },
    "node_modules/@ast-grep/napi-win32-ia32-msvc": {
      "version": "0.25.4",
      "resolved": "https://registry.npmjs.org/@ast-grep/napi-win32-ia32-msvc/-/napi-win32-ia32-msvc-0.25.4.tgz",
      "integrity": "sha512-UEnMzBnGA900BjdgVek9pnzsxodykzvXaVkUvmyLDHfu9Ql/lkjvgPlRi57pdwTsknkvHFAdtvvsrVA9qC0P1Q==",
      "cpu": [
        "ia32"
      ],
      "optional": true,
      "os": [
        "win32"
      ],
      "engines": {
        "node": ">= 10"
      }
    },
    "node_modules/@ast-grep/napi-win32-x64-msvc": {
      "version": "0.25.4",
      "resolved": "https://registry.npmjs.org/@ast-grep/napi-win32-x64-msvc/-/napi-win32-x64-msvc-0.25.4.tgz",
      "integrity": "sha512-itYPveFAbV19XyqaHIVO78N4doPMqGjbnTFjZD2fvCHXzUujxqlCXEt45+tNq9iXtn38e4wZB21ew0N2bX6IEw==",
      "cpu": [
        "x64"
      ],
      "optional": true,
      "os": [
        "win32"
      ],
      "engines": {
        "node": ">= 10"
      }
    },
    "node_modules/prettier": {
      "version": "3.3.3",
      "resolved": "https://registry.npmjs.org/prettier/-/prettier-3.3.3.tgz",
      "integrity": "sha512-i2tDNA0O5IrMO757lfrdQZCc2jPNDVntV0m/+4whiDfWaTKfMNgR7Qz0NAeGz/nRqF4m5/6CLzbP4/liHt12Ew==",
      "dev": true,
      "bin": {
        "prettier": "bin/prettier.cjs"
      },
      "engines": {
        "node": ">=14"
      },
      "funding": {
        "url": "https://github.com/prettier/prettier?sponsor=1"
      }
    }
  }
}
